
Microsoft Visual Studio Solution File, Format Version 12.00
# Visual Studio Version 16
VisualStudioVersion = 16.0.29424.173
MinimumVisualStudioVersion = 10.0.40219.1
Project("{8BC9CEB8-8B4A-11D0-8D11-00A0C91BC942}") = "Game", "Game\Game.vcxproj", "{DC5B3A71-8CD0-4AB7-8446-1BEFFDE2B28B}"
EndProject
Global
	GlobalSection(SolutionConfigurationPlatforms) = preSolution
		Debug|x64 = Debug|x64
		Release|x64 = Release|x64
	EndGlobalSection
	GlobalSection(ProjectConfigurationPlatforms) = postSolution
		{DC5B3A71-8CD0-4AB7-8446-1BEFFDE2B28B}.Debug|x64.ActiveCfg = Debug|x64
		{DC5B3A71-8CD0-4AB7-8446-1BEFFDE2B28B}.Debug|x64.Build.0 = Debug|x64
		{DC5B3A71-8CD0-4AB7-8446-1BEFFDE2B28B}.Release|x64.ActiveCfg = Release|x64
		{DC5B3A71-8CD0-4AB7-8446-1BEFFDE2B28B}.Release|x64.Build.0 = Release|x64
	EndGlobalSection
	GlobalSection(SolutionProperties) = preSolution
		HideSolutionNode = FALSE
	EndGlobalSection
	GlobalSection(ExtensibilityGlobals) = postSolution
		SolutionGuid = {907B3622-D928-4AEA-8897-C92A04A4B90C}
	EndGlobalSection
EndGlobal
